// !$*UTF8*$!
{
	archiveVersion = 1;
	classes = {
	};
	objectVersion = 55;
	objects = {

/* Begin PBXBuildFile section */
		8EEDBA512A9A3354003876E7 /* AppDelegate.swift in Sources */ = {isa = PBXBuildFile; fileRef = 8EEDBA502A9A3354003876E7 /* AppDelegate.swift */; };
		8EEDBA532A9A3354003876E7 /* SceneDelegate.swift in Sources */ = {isa = PBXBuildFile; fileRef = 8EEDBA522A9A3354003876E7 /* SceneDelegate.swift */; };
		8EEDBA552A9A3354003876E7 /* ViewController.swift in Sources */ = {isa = PBXBuildFile; fileRef = 8EEDBA542A9A3354003876E7 /* ViewController.swift */; };
		8EEDBA582A9A3354003876E7 /* Main.storyboard in Resources */ = {isa = PBXBuildFile; fileRef = 8EEDBA562A9A3354003876E7 /* Main.storyboard */; };
		8EEDBA5A2A9A3355003876E7 /* Assets.xcassets in Resources */ = {isa = PBXBuildFile; fileRef = 8EEDBA592A9A3355003876E7 /* Assets.xcassets */; };
		8EEDBA5D2A9A3355003876E7 /* LaunchScreen.storyboard in Resources */ = {isa = PBXBuildFile; fileRef = 8EEDBA5B2A9A3355003876E7 /* LaunchScreen.storyboard */; };
		8EEDBA6B2A9A3553003876E7 /* FastTests.swift in Sources */ = {isa = PBXBuildFile; fileRef = 8EEDBA6A2A9A3553003876E7 /* FastTests.swift */; };
/* End PBXBuildFile section */

/* Begin PBXContainerItemProxy section */
		8EEDBA6C2A9A3553003876E7 /* PBXContainerItemProxy */ = {
			isa = PBXContainerItemProxy;
			containerPortal = 8EEDBA452A9A3354003876E7 /* Project object */;
			proxyType = 1;
			remoteGlobalIDString = 8EEDBA4C2A9A3354003876E7;
			remoteInfo = Fast;
		};
/* End PBXContainerItemProxy section */

/* Begin PBXFileReference section */
		8EEDBA4D2A9A3354003876E7 /* Fast.app */ = {isa = PBXFileReference; explicitFileType = wrapper.application; includeInIndex = 0; path = Fast.app; sourceTree = BUILT_PRODUCTS_DIR; };
		8EEDBA502A9A3354003876E7 /* AppDelegate.swift */ = {isa = PBXFileReference; lastKnownFileType = sourcecode.swift; path = AppDelegate.swift; sourceTree = "<group>"; };
		8EEDBA522A9A3354003876E7 /* SceneDelegate.swift */ = {isa = PBXFileReference; lastKnownFileType = sourcecode.swift; path = SceneDelegate.swift; sourceTree = "<group>"; };
		8EEDBA542A9A3354003876E7 /* ViewController.swift */ = {isa = PBXFileReference; lastKnownFileType = sourcecode.swift; path = ViewController.swift; sourceTree = "<group>"; };
		8EEDBA572A9A3354003876E7 /* Base */ = {isa = PBXFileReference; lastKnownFileType = file.storyboard; name = Base; path = Base.lproj/Main.storyboard; sourceTree = "<group>"; };
		8EEDBA592A9A3355003876E7 /* Assets.xcassets */ = {isa = PBXFileReference; lastKnownFileType = folder.assetcatalog; path = Assets.xcassets; sourceTree = "<group>"; };
		8EEDBA5C2A9A3355003876E7 /* Base */ = {isa = PBXFileReference; lastKnownFileType = file.storyboard; name = Base; path = Base.lproj/LaunchScreen.storyboard; sourceTree = "<group>"; };
		8EEDBA5E2A9A3355003876E7 /* Info.plist */ = {isa = PBXFileReference; lastKnownFileType = text.plist.xml; path = Info.plist; sourceTree = "<group>"; };
		8EEDBA682A9A3553003876E7 /* FastTests.xctest */ = {isa = PBXFileReference; explicitFileType = wrapper.cfbundle; includeInIndex = 0; path = FastTests.xctest; sourceTree = BUILT_PRODUCTS_DIR; };
		8EEDBA6A2A9A3553003876E7 /* FastTests.swift */ = {isa = PBXFileReference; lastKnownFileType = sourcecode.swift; path = FastTests.swift; sourceTree = "<group>"; };
/* End PBXFileReference section */

/* Begin PBXFrameworksBuildPhase section */
		8EEDBA4A2A9A3354003876E7 /* Frameworks */ = {
			isa = PBXFrameworksBuildPhase;
			buildActionMask = 2147483647;
			files = (
			);
			runOnlyForDeploymentPostprocessing = 0;
		};
		8EEDBA652A9A3553003876E7 /* Frameworks */ = {
			isa = PBXFrameworksBuildPhase;
			buildActionMask = 2147483647;
			files = (
			);
			runOnlyForDeploymentPostprocessing = 0;
		};
/* End PBXFrameworksBuildPhase section */

/* Begin PBXGroup section */
		8EEDBA442A9A3354003876E7 = {
			isa = PBXGroup;
			children = (
				8EEDBA4F2A9A3354003876E7 /* Fast */,
				8EEDBA692A9A3553003876E7 /* FastTests */,
				8EEDBA4E2A9A3354003876E7 /* Products */,
			);
			sourceTree = "<group>";
		};
		8EEDBA4E2A9A3354003876E7 /* Products */ = {
			isa = PBXGroup;
			children = (
				8EEDBA4D2A9A3354003876E7 /* Fast.app */,
				8EEDBA682A9A3553003876E7 /* FastTests.xctest */,
			);
			name = Products;
			sourceTree = "<group>";
		};
		8EEDBA4F2A9A3354003876E7 /* Fast */ = {
			isa = PBXGroup;
			children = (
				8EEDBA502A9A3354003876E7 /* AppDelegate.swift */,
				8EEDBA522A9A3354003876E7 /* SceneDelegate.swift */,
				8EEDBA542A9A3354003876E7 /* ViewController.swift */,
				8EEDBA562A9A3354003876E7 /* Main.storyboard */,
				8EEDBA592A9A3355003876E7 /* Assets.xcassets */,
				8EEDBA5B2A9A3355003876E7 /* LaunchScreen.storyboard */,
				8EEDBA5E2A9A3355003876E7 /* Info.plist */,
			);
			path = Fast;
			sourceTree = "<group>";
		};
		8EEDBA692A9A3553003876E7 /* FastTests */ = {
			isa = PBXGroup;
			children = (
				8EEDBA6A2A9A3553003876E7 /* FastTests.swift */,
			);
			path = FastTests;
			sourceTree = "<group>";
		};
/* End PBXGroup section */

/* Begin PBXNativeTarget section */
		8EEDBA4C2A9A3354003876E7 /* Fast */ = {
			isa = PBXNativeTarget;
			buildConfigurationList = 8EEDBA612A9A3355003876E7 /* Build configuration list for PBXNativeTarget "Fast" */;
			buildPhases = (
				8EEDBA492A9A3354003876E7 /* Sources */,
				8EEDBA4A2A9A3354003876E7 /* Frameworks */,
				8EEDBA4B2A9A3354003876E7 /* Resources */,
			);
			buildRules = (
			);
			dependencies = (
			);
			name = Fast;
			productName = Fast;
			productReference = 8EEDBA4D2A9A3354003876E7 /* Fast.app */;
			productType = "com.apple.product-type.application";
		};
		8EEDBA672A9A3553003876E7 /* FastTests */ = {
			isa = PBXNativeTarget;
			buildConfigurationList = 8EEDBA702A9A3553003876E7 /* Build configuration list for PBXNativeTarget "FastTests" */;
			buildPhases = (
				8EEDBA642A9A3553003876E7 /* Sources */,
				8EEDBA652A9A3553003876E7 /* Frameworks */,
				8EEDBA662A9A3553003876E7 /* Resources */,
			);
			buildRules = (
			);
			dependencies = (
				8EEDBA6D2A9A3553003876E7 /* PBXTargetDependency */,
			);
			name = FastTests;
			productName = FastTests;
			productReference = 8EEDBA682A9A3553003876E7 /* FastTests.xctest */;
			productType = "com.apple.product-type.bundle.unit-test";
		};
/* End PBXNativeTarget section */

/* Begin PBXProject section */
		8EEDBA452A9A3354003876E7 /* Project object */ = {
			isa = PBXProject;
			attributes = {
				BuildIndependentTargetsInParallel = 1;
				LastSwiftUpdateCheck = 1430;
				LastUpgradeCheck = 1430;
				TargetAttributes = {
					8EEDBA4C2A9A3354003876E7 = {
						CreatedOnToolsVersion = 14.3.1;
					};
					8EEDBA672A9A3553003876E7 = {
						CreatedOnToolsVersion = 14.3.1;
						TestTargetID = 8EEDBA4C2A9A3354003876E7;
					};
				};
			};
			buildConfigurationList = 8EEDBA482A9A3354003876E7 /* Build configuration list for PBXProject "Fast" */;
			compatibilityVersion = "Xcode 13.0";
			developmentRegion = en;
			hasScannedForEncodings = 0;
			knownRegions = (
				en,
				Base,
			);
			mainGroup = 8EEDBA442A9A3354003876E7;
			productRefGroup = 8EEDBA4E2A9A3354003876E7 /* Products */;
			projectDirPath = "";
			projectRoot = "";
			targets = (
				8EEDBA4C2A9A3354003876E7 /* Fast */,
				8EEDBA672A9A3553003876E7 /* FastTests */,
			);
		};
/* End PBXProject section */

/* Begin PBXResourcesBuildPhase section */
		8EEDBA4B2A9A3354003876E7 /* Resources */ = {
			isa = PBXResourcesBuildPhase;
			buildActionMask = 2147483647;
			files = (
				8EEDBA5D2A9A3355003876E7 /* LaunchScreen.storyboard in Resources */,
				8EEDBA5A2A9A3355003876E7 /* Assets.xcassets in Resources */,
				8EEDBA582A9A3354003876E7 /* Main.storyboard in Resources */,
			);
			runOnlyForDeploymentPostprocessing = 0;
		};
		8EEDBA662A9A3553003876E7 /* Resources */ = {
			isa = PBXResourcesBuildPhase;
			buildActionMask = 2147483647;
			files = (
			);
			runOnlyForDeploymentPostprocessing = 0;
		};
/* End PBXResourcesBuildPhase section */

/* Begin PBXSourcesBuildPhase section */
		8EEDBA492A9A3354003876E7 /* Sources */ = {
			isa = PBXSourcesBuildPhase;
			buildActionMask = 2147483647;
			files = (
				8EEDBA552A9A3354003876E7 /* ViewController.swift in Sources */,
				8EEDBA512A9A3354003876E7 /* AppDelegate.swift in Sources */,
				8EEDBA532A9A3354003876E7 /* SceneDelegate.swift in Sources */,
			);
			runOnlyForDeploymentPostprocessing = 0;
		};
		8EEDBA642A9A3553003876E7 /* Sources */ = {
			isa = PBXSourcesBuildPhase;
			buildActionMask = 2147483647;
			files = (
				8EEDBA6B2A9A3553003876E7 /* FastTests.swift in Sources */,
			);
			runOnlyForDeploymentPostprocessing = 0;
		};
/* End PBXSourcesBuildPhase section */

/* Begin PBXTargetDependency section */
		8EEDBA6D2A9A3553003876E7 /* PBXTargetDependency */ = {
			isa = PBXTargetDependency;
			target = 8EEDBA4C2A9A3354003876E7 /* Fast */;
			targetProxy = 8EEDBA6C2A9A3553003876E7 /* PBXContainerItemProxy */;
		};
/* End PBXTargetDependency section */

/* Begin PBXVariantGroup section */
		8EEDBA562A9A3354003876E7 /* Main.storyboard */ = {
			isa = PBXVariantGroup;
			children = (
				8EEDBA572A9A3354003876E7 /* Base */,
			);
			name = Main.storyboard;
			sourceTree = "<group>";
		};
		8EEDBA5B2A9A3355003876E7 /* LaunchScreen.storyboard */ = {
			isa = PBXVariantGroup;
			children = (
				8EEDBA5C2A9A3355003876E7 /* Base */,
			);
			name = LaunchScreen.storyboard;
			sourceTree = "<group>";
		};
/* End PBXVariantGroup section */

/* Begin XCBuildConfiguration section */
		8EEDBA5F2A9A3355003876E7 /* Debug */ = {
			isa = XCBuildConfiguration;
			buildSettings = {
				ALWAYS_SEARCH_USER_PATHS = NO;
				CLANG_ANALYZER_NONNULL = YES;
				CLANG_ANALYZER_NUMBER_OBJECT_CONVERSION = YES_AGGRESSIVE;
				CLANG_CXX_LANGUAGE_STANDARD = "gnu++20";
				CLANG_ENABLE_MODULES = YES;
				CLANG_ENABLE_OBJC_ARC = YES;
				CLANG_ENABLE_OBJC_WEAK = YES;
				CLANG_WARN_BLOCK_CAPTURE_AUTORELEASING = YES;
				CLANG_WARN_BOOL_CONVERSION = YES;
				CLANG_WARN_COMMA = YES;
				CLANG_WARN_CONSTANT_CONVERSION = YES;
				CLANG_WARN_DEPRECATED_OBJC_IMPLEMENTATIONS = YES;
				CLANG_WARN_DIRECT_OBJC_ISA_USAGE = YES_ERROR;
				CLANG_WARN_DOCUMENTATION_COMMENTS = YES;
				CLANG_WARN_EMPTY_BODY = YES;
				CLANG_WARN_ENUM_CONVERSION = YES;
				CLANG_WARN_INFINITE_RECURSION = YES;
				CLANG_WARN_INT_CONVERSION = YES;
				CLANG_WARN_NON_LITERAL_NULL_CONVERSION = YES;
				CLANG_WARN_OBJC_IMPLICIT_RETAIN_SELF = YES;
				CLANG_WARN_OBJC_LITERAL_CONVERSION = YES;
				CLANG_WARN_OBJC_ROOT_CLASS = YES_ERROR;
				CLANG_WARN_QUOTED_INCLUDE_IN_FRAMEWORK_HEADER = YES;
				CLANG_WARN_RANGE_LOOP_ANALYSIS = YES;
				CLANG_WARN_STRICT_PROTOTYPES = YES;
				CLANG_WARN_SUSPICIOUS_MOVE = YES;
				CLANG_WARN_UNGUARDED_AVAILABILITY = YES_AGGRESSIVE;
				CLANG_WARN_UNREACHABLE_CODE = YES;
				CLANG_WARN__DUPLICATE_METHOD_MATCH = YES;
				COPY_PHASE_STRIP = NO;
				DEBUG_INFORMATION_FORMAT = dwarf;
				ENABLE_STRICT_OBJC_MSGSEND = YES;
				ENABLE_TESTABILITY = YES;
				GCC_C_LANGUAGE_STANDARD = gnu11;
				GCC_DYNAMIC_NO_PIC = NO;
				GCC_NO_COMMON_BLOCKS = YES;
				GCC_OPTIMIZATION_LEVEL = 0;
				GCC_PREPROCESSOR_DEFINITIONS = (
					"DEBUG=1",
					"$(inherited)",
				);
				GCC_WARN_64_TO_32_BIT_CONVERSION = YES;
				GCC_WARN_ABOUT_RETURN_TYPE = YES_ERROR;
				GCC_WARN_UNDECLARED_SELECTOR = YES;
				GCC_WARN_UNINITIALIZED_AUTOS = YES_AGGRESSIVE;
				GCC_WARN_UNUSED_FUNCTION = YES;
				GCC_WARN_UNUSED_VARIABLE = YES;
				IPHONEOS_DEPLOYMENT_TARGET = 16.4;
				MTL_ENABLE_DEBUG_INFO = INCLUDE_SOURCE;
				MTL_FAST_MATH = YES;
				ONLY_ACTIVE_ARCH = YES;
				SDKROOT = iphoneos;
				SWIFT_ACTIVE_COMPILATION_CONDITIONS = DEBUG;
				SWIFT_OPTIMIZATION_LEVEL = "-Onone";
			};
			name = Debug;
		};
		8EEDBA602A9A3355003876E7 /* Release */ = {
			isa = XCBuildConfiguration;
			buildSettings = {
				ALWAYS_SEARCH_USER_PATHS = NO;
				CLANG_ANALYZER_NONNULL = YES;
				CLANG_ANALYZER_NUMBER_OBJECT_CONVERSION = YES_AGGRESSIVE;
				CLANG_CXX_LANGUAGE_STANDARD = "gnu++20";
				CLANG_ENABLE_MODULES = YES;
				CLANG_ENABLE_OBJC_ARC = YES;
				CLANG_ENABLE_OBJC_WEAK = YES;
				CLANG_WARN_BLOCK_CAPTURE_AUTORELEASING = YES;
				CLANG_WARN_BOOL_CONVERSION = YES;
				CLANG_WARN_COMMA = YES;
				CLANG_WARN_CONSTANT_CONVERSION = YES;
				CLANG_WARN_DEPRECATED_OBJC_IMPLEMENTATIONS = YES;
				CLANG_WARN_DIRECT_OBJC_ISA_USAGE = YES_ERROR;
				CLANG_WARN_DOCUMENTATION_COMMENTS = YES;
				CLANG_WARN_EMPTY_BODY = YES;
				CLANG_WARN_ENUM_CONVERSION = YES;
				CLANG_WARN_INFINITE_RECURSION = YES;
				CLANG_WARN_INT_CONVERSION = YES;
				CLANG_WARN_NON_LITERAL_NULL_CONVERSION = YES;
				CLANG_WARN_OBJC_IMPLICIT_RETAIN_SELF = YES;
				CLANG_WARN_OBJC_LITERAL_CONVERSION = YES;
				CLANG_WARN_OBJC_ROOT_CLASS = YES_ERROR;
				CLANG_WARN_QUOTED_INCLUDE_IN_FRAMEWORK_HEADER = YES;
				CLANG_WARN_RANGE_LOOP_ANALYSIS = YES;
				CLANG_WARN_STRICT_PROTOTYPES = YES;
				CLANG_WARN_SUSPICIOUS_MOVE = YES;
				CLANG_WARN_UNGUARDED_AVAILABILITY = YES_AGGRESSIVE;
				CLANG_WARN_UNREACHABLE_CODE = YES;
				CLANG_WARN__DUPLICATE_METHOD_MATCH = YES;
				COPY_PHASE_STRIP = NO;
				DEBUG_INFORMATION_FORMAT = "dwarf-with-dsym";
				ENABLE_NS_ASSERTIONS = NO;
				ENABLE_STRICT_OBJC_MSGSEND = YES;
				GCC_C_LANGUAGE_STANDARD = gnu11;
				GCC_NO_COMMON_BLOCKS = YES;
				GCC_WARN_64_TO_32_BIT_CONVERSION = YES;
				GCC_WARN_ABOUT_RETURN_TYPE = YES_ERROR;
				GCC_WARN_UNDECLARED_SELECTOR = YES;
				GCC_WARN_UNINITIALIZED_AUTOS = YES_AGGRESSIVE;
				GCC_WARN_UNUSED_FUNCTION = YES;
				GCC_WARN_UNUSED_VARIABLE = YES;
				IPHONEOS_DEPLOYMENT_TARGET = 16.4;
				MTL_ENABLE_DEBUG_INFO = NO;
				MTL_FAST_MATH = YES;
				SDKROOT = iphoneos;
				SWIFT_COMPILATION_MODE = wholemodule;
				SWIFT_OPTIMIZATION_LEVEL = "-O";
				VALIDATE_PRODUCT = YES;
			};
			name = Release;
		};
		8EEDBA622A9A3355003876E7 /* Debug */ = {
			isa = XCBuildConfiguration;
			buildSettings = {
				ASSETCATALOG_COMPILER_APPICON_NAME = AppIcon;
				ASSETCATALOG_COMPILER_GLOBAL_ACCENT_COLOR_NAME = AccentColor;
				CODE_SIGN_STYLE = Manual;
				CURRENT_PROJECT_VERSION = 1;
				DEVELOPMENT_TEAM = "";
				GENERATE_INFOPLIST_FILE = YES;
				INFOPLIST_FILE = Fast/Info.plist;
				INFOPLIST_KEY_UIApplicationSupportsIndirectInputEvents = YES;
				INFOPLIST_KEY_UILaunchStoryboardName = LaunchScreen;
				INFOPLIST_KEY_UIMainStoryboardFile = Main;
				INFOPLIST_KEY_UISupportedInterfaceOrientations_iPad = "UIInterfaceOrientationPortrait UIInterfaceOrientationPortraitUpsideDown UIInterfaceOrientationLandscapeLeft UIInterfaceOrientationLandscapeRight";
				INFOPLIST_KEY_UISupportedInterfaceOrientations_iPhone = "UIInterfaceOrientationPortrait UIInterfaceOrientationLandscapeLeft UIInterfaceOrientationLandscapeRight";
				LD_RUNPATH_SEARCH_PATHS = (
					"$(inherited)",
					"@executable_path/Frameworks",
				);
				MARKETING_VERSION = 1.0;
				PRODUCT_BUNDLE_IDENTIFIER = com.pmAbi.Fast;
				PRODUCT_NAME = "$(TARGET_NAME)";
				PROVISIONING_PROFILE_SPECIFIER = "";
				SWIFT_EMIT_LOC_STRINGS = YES;
				SWIFT_VERSION = 5.0;
				TARGETED_DEVICE_FAMILY = "1,2";
			};
			name = Debug;
		};
		8EEDBA632A9A3355003876E7 /* Release */ = {
			isa = XCBuildConfiguration;
			buildSettings = {
				ASSETCATALOG_COMPILER_APPICON_NAME = AppIcon;
				ASSETCATALOG_COMPILER_GLOBAL_ACCENT_COLOR_NAME = AccentColor;
				CODE_SIGN_STYLE = Automatic;
				CURRENT_PROJECT_VERSION = 1;
				DEVELOPMENT_TEAM = J8595TPBJC;
				GENERATE_INFOPLIST_FILE = YES;
				INFOPLIST_FILE = Fast/Info.plist;
				INFOPLIST_KEY_UIApplicationSupportsIndirectInputEvents = YES;
				INFOPLIST_KEY_UILaunchStoryboardName = LaunchScreen;
				INFOPLIST_KEY_UIMainStoryboardFile = Main;
				INFOPLIST_KEY_UISupportedInterfaceOrientations_iPad = "UIInterfaceOrientationPortrait UIInterfaceOrientationPortraitUpsideDown UIInterfaceOrientationLandscapeLeft UIInterfaceOrientationLandscapeRight";
				INFOPLIST_KEY_UISupportedInterfaceOrientations_iPhone = "UIInterfaceOrientationPortrait UIInterfaceOrientationLandscapeLeft UIInterfaceOrientationLandscapeRight";
				LD_RUNPATH_SEARCH_PATHS = (
					"$(inherited)",
					"@executable_path/Frameworks",
				);
				MARKETING_VERSION = 1.0;
				PRODUCT_BUNDLE_IDENTIFIER = com.pmAbi.Fast;
				PRODUCT_NAME = "$(TARGET_NAME)";
				SWIFT_EMIT_LOC_STRINGS = YES;
				SWIFT_VERSION = 5.0;
				TARGETED_DEVICE_FAMILY = "1,2";
			};
			name = Release;
		};
		8EEDBA6E2A9A3553003876E7 /* Debug */ = {
			isa = XCBuildConfiguration;
			buildSettings = {
				BUNDLE_LOADER = "$(TEST_HOST)";
				CODE_SIGN_STYLE = Manual;
				CURRENT_PROJECT_VERSION = 1;
				DEVELOPMENT_TEAM = "";
				GENERATE_INFOPLIST_FILE = YES;
				MARKETING_VERSION = 1.0;
				PRODUCT_BUNDLE_IDENTIFIER = com.pmAbi.FastTests;
				PRODUCT_NAME = "$(TARGET_NAME)";
				PROVISIONING_PROFILE_SPECIFIER = "";
				SWIFT_EMIT_LOC_STRINGS = NO;
				SWIFT_VERSION = 5.0;
				TARGETED_DEVICE_FAMILY = "1,2";
				TEST_HOST = "$(BUILT_PRODUCTS_DIR)/Fast.app/$(BUNDLE_EXECUTABLE_FOLDER_PATH)/Fast";
			};
			name = Debug;
		};
		8EEDBA6F2A9A3553003876E7 /* Release */ = {
			isa = XCBuildConfiguration;
			buildSettings = {
				BUNDLE_LOADER = "$(TEST_HOST)";
				CODE_SIGN_STYLE = Manual;
				CURRENT_PROJECT_VERSION = 1;
				DEVELOPMENT_TEAM = "";
				GENERATE_INFOPLIST_FILE = YES;
				MARKETING_VERSION = 1.0;
				PRODUCT_BUNDLE_IDENTIFIER = com.pmAbi.FastTests;
				PRODUCT_NAME = "$(TARGET_NAME)";
				PROVISIONING_PROFILE_SPECIFIER = "";
				SWIFT_EMIT_LOC_STRINGS = NO;
				SWIFT_VERSION = 5.0;
				TARGETED_DEVICE_FAMILY = "1,2";
				TEST_HOST = "$(BUILT_PRODUCTS_DIR)/Fast.app/$(BUNDLE_EXECUTABLE_FOLDER_PATH)/Fast";
			};
			name = Release;
		};
/* End XCBuildConfiguration section */

/* Begin XCConfigurationList section */
		8EEDBA482A9A3354003876E7 /* Build configuration list for PBXProject "Fast" */ = {
			isa = XCConfigurationList;
			buildConfigurations = (
				8EEDBA5F2A9A3355003876E7 /* Debug */,
				8EEDBA602A9A3355003876E7 /* Release */,
			);
			defaultConfigurationIsVisible = 0;
			defaultConfigurationName = Release;
		};
		8EEDBA612A9A3355003876E7 /* Build configuration list for PBXNativeTarget "Fast" */ = {
			isa = XCConfigurationList;
			buildConfigurations = (
				8EEDBA622A9A3355003876E7 /* Debug */,
				8EEDBA632A9A3355003876E7 /* Release */,
			);
			defaultConfigurationIsVisible = 0;
			defaultConfigurationName = Release;
		};
		8EEDBA702A9A3553003876E7 /* Build configuration list for PBXNativeTarget "FastTests" */ = {
			isa = XCConfigurationList;
			buildConfigurations = (
				8EEDBA6E2A9A3553003876E7 /* Debug */,
				8EEDBA6F2A9A3553003876E7 /* Release */,
			);
			defaultConfigurationIsVisible = 0;
			defaultConfigurationName = Release;
		};
/* End XCConfigurationList section */
	};
	rootObject = 8EEDBA452A9A3354003876E7 /* Project object */;
}
